
Microsoft Visual Studio Solution File, Format Version 12.00
# Visual Studio Version 16
VisualStudioVersion = 16.0.29306.81
MinimumVisualStudioVersion = 10.0.40219.1
Project("{FAE04EC0-301F-11D3-BF4B-00C04F79EFBC}") = "21", "21\21.csproj", "{598A20A2-9AB4-4A0C-9D35-FBDB7D524369}"
EndProject
Global
	GlobalSection(SolutionConfigurationPlatforms) = preSolution
		Debug|Any CPU = Debug|Any CPU
		Release|Any CPU = Release|Any CPU
	EndGlobalSection
	GlobalSection(ProjectConfigurationPlatforms) = postSolution
		{598A20A2-9AB4-4A0C-9D35-FBDB7D524369}.Debug|Any CPU.ActiveCfg = Debug|Any CPU
		{598A20A2-9AB4-4A0C-9D35-FBDB7D524369}.Debug|Any CPU.Build.0 = Debug|Any CPU
		{598A20A2-9AB4-4A0C-9D35-FBDB7D524369}.Release|Any CPU.ActiveCfg = Release|Any CPU
		{598A20A2-9AB4-4A0C-9D35-FBDB7D524369}.Release|Any CPU.Build.0 = Release|Any CPU
	EndGlobalSection
	GlobalSection(SolutionProperties) = preSolution
		HideSolutionNode = FALSE
	EndGlobalSection
	GlobalSection(ExtensibilityGlobals) = postSolution
		SolutionGuid = {34FBA1B7-8480-45E6-B3B8-16479F204D42}
	EndGlobalSection
EndGlobal
